// !$*UTF8*$!
{
	archiveVersion = 1;
	classes = {
	};
	objectVersion = 46;
	objects = {

/* Begin PBXBuildFile section */
		921DEE5C1DB31D3000606458 /* RelicCell.swift in Sources */ = {isa = PBXBuildFile; fileRef = 921DEE5B1DB31D3000606458 /* RelicCell.swift */; };
		921DEE5E1DB31D5A00606458 /* SelectedRelicCell.swift in Sources */ = {isa = PBXBuildFile; fileRef = 921DEE5D1DB31D5A00606458 /* SelectedRelicCell.swift */; };
		924063361DAD940D00398571 /* Item.swift in Sources */ = {isa = PBXBuildFile; fileRef = 924063351DAD940D00398571 /* Item.swift */; };
		924063381DAD94A000398571 /* Reward.swift in Sources */ = {isa = PBXBuildFile; fileRef = 924063371DAD94A000398571 /* Reward.swift */; };
		9240633A1DAD952E00398571 /* Rarity.swift in Sources */ = {isa = PBXBuildFile; fileRef = 924063391DAD952E00398571 /* Rarity.swift */; };
		9240633C1DAD9C2600398571 /* Extensions.swift in Sources */ = {isa = PBXBuildFile; fileRef = 9240633B1DAD9C2600398571 /* Extensions.swift */; };
		924CDFC31DADEC8200F5D982 /* Items.csv in Resources */ = {isa = PBXBuildFile; fileRef = 924CDFBE1DADEC8200F5D982 /* Items.csv */; };
		924CDFC41DADEC8200F5D982 /* Rarity.csv in Resources */ = {isa = PBXBuildFile; fileRef = 924CDFBF1DADEC8200F5D982 /* Rarity.csv */; };
		924CDFC51DADEC8200F5D982 /* Relics.csv in Resources */ = {isa = PBXBuildFile; fileRef = 924CDFC01DADEC8200F5D982 /* Relics.csv */; };
		924CDFC61DADEC8200F5D982 /* Rewards.csv in Resources */ = {isa = PBXBuildFile; fileRef = 924CDFC11DADEC8200F5D982 /* Rewards.csv */; };
		924CDFC71DADEC8200F5D982 /* Tier.csv in Resources */ = {isa = PBXBuildFile; fileRef = 924CDFC21DADEC8200F5D982 /* Tier.csv */; };
		924CDFCA1DAE959800F5D982 /* CSV.swift in Sources */ = {isa = PBXBuildFile; fileRef = 924CDFC91DAE959800F5D982 /* CSV.swift */; };
		924CDFCC1DAE99AD00F5D982 /* CsvReader.swift in Sources */ = {isa = PBXBuildFile; fileRef = 924CDFCB1DAE99AD00F5D982 /* CsvReader.swift */; };
		927B6AA71DB1323800E1A031 /* RelicUtils.swift in Sources */ = {isa = PBXBuildFile; fileRef = 927B6AA61DB1323800E1A031 /* RelicUtils.swift */; };
		927B6AA91DB1349800E1A031 /* RelicUtilsTests.swift in Sources */ = {isa = PBXBuildFile; fileRef = 927B6AA81DB1349800E1A031 /* RelicUtilsTests.swift */; };
		927B6AAB1DB13D0700E1A031 /* TierTests.swift in Sources */ = {isa = PBXBuildFile; fileRef = 927B6AAA1DB13D0700E1A031 /* TierTests.swift */; };
		927B6AAD1DB13D1300E1A031 /* RarirtyTests.swift in Sources */ = {isa = PBXBuildFile; fileRef = 927B6AAC1DB13D1300E1A031 /* RarirtyTests.swift */; };
		92DA45EE1DAD690900D9D3E0 /* AppDelegate.swift in Sources */ = {isa = PBXBuildFile; fileRef = 92DA45ED1DAD690900D9D3E0 /* AppDelegate.swift */; };
		92DA45F01DAD690900D9D3E0 /* FissureViewController.swift in Sources */ = {isa = PBXBuildFile; fileRef = 92DA45EF1DAD690900D9D3E0 /* FissureViewController.swift */; };
		92DA45F21DAD690900D9D3E0 /* SecondViewController.swift in Sources */ = {isa = PBXBuildFile; fileRef = 92DA45F11DAD690900D9D3E0 /* SecondViewController.swift */; };
		92DA45F51DAD690900D9D3E0 /* Main.storyboard in Resources */ = {isa = PBXBuildFile; fileRef = 92DA45F31DAD690900D9D3E0 /* Main.storyboard */; };
		92DA45F71DAD690900D9D3E0 /* Assets.xcassets in Resources */ = {isa = PBXBuildFile; fileRef = 92DA45F61DAD690900D9D3E0 /* Assets.xcassets */; };
		92DA45FA1DAD690900D9D3E0 /* LaunchScreen.storyboard in Resources */ = {isa = PBXBuildFile; fileRef = 92DA45F81DAD690900D9D3E0 /* LaunchScreen.storyboard */; };
		92DA46051DAD690900D9D3E0 /* WarframeReliquaryTests.swift in Sources */ = {isa = PBXBuildFile; fileRef = 92DA46041DAD690900D9D3E0 /* WarframeReliquaryTests.swift */; };
		92DA46101DAD690900D9D3E0 /* WarframeReliquaryUITests.swift in Sources */ = {isa = PBXBuildFile; fileRef = 92DA460F1DAD690900D9D3E0 /* WarframeReliquaryUITests.swift */; };
		92DA46221DAD8AFF00D9D3E0 /* WarframeReliquary.xcdatamodeld in Sources */ = {isa = PBXBuildFile; fileRef = 92DA46201DAD8AFF00D9D3E0 /* WarframeReliquary.xcdatamodeld */; };
		92DA46241DAD8E0F00D9D3E0 /* Relic.swift in Sources */ = {isa = PBXBuildFile; fileRef = 92DA46231DAD8E0F00D9D3E0 /* Relic.swift */; };
		92DA46261DAD8E7300D9D3E0 /* Tier.swift in Sources */ = {isa = PBXBuildFile; fileRef = 92DA46251DAD8E7300D9D3E0 /* Tier.swift */; };
		92DE3D9A1DAEEB9E003DAC19 /* CsvReaderTests.swift in Sources */ = {isa = PBXBuildFile; fileRef = 92DE3D991DAEEB9E003DAC19 /* CsvReaderTests.swift */; };
		92DE3D9C1DAEEF95003DAC19 /* RewardUtils.swift in Sources */ = {isa = PBXBuildFile; fileRef = 92DE3D9B1DAEEF95003DAC19 /* RewardUtils.swift */; };
		92DE3D9F1DAF1877003DAC19 /* FissureRelicCell.swift in Sources */ = {isa = PBXBuildFile; fileRef = 92DE3D9D1DAF1877003DAC19 /* FissureRelicCell.swift */; };
/* End PBXBuildFile section */

/* Begin PBXContainerItemProxy section */
		92DA46011DAD690900D9D3E0 /* PBXContainerItemProxy */ = {
			isa = PBXContainerItemProxy;
			containerPortal = 92DA45E21DAD690900D9D3E0 /* Project object */;
			proxyType = 1;
			remoteGlobalIDString = 92DA45E91DAD690900D9D3E0;
			remoteInfo = WarframeReliquary;
		};
		92DA460C1DAD690900D9D3E0 /* PBXContainerItemProxy */ = {
			isa = PBXContainerItemProxy;
			containerPortal = 92DA45E21DAD690900D9D3E0 /* Project object */;
			proxyType = 1;
			remoteGlobalIDString = 92DA45E91DAD690900D9D3E0;
			remoteInfo = WarframeReliquary;
		};
/* End PBXContainerItemProxy section */

/* Begin PBXFileReference section */
		921DEE5B1DB31D3000606458 /* RelicCell.swift */ = {isa = PBXFileReference; fileEncoding = 4; lastKnownFileType = sourcecode.swift; path = RelicCell.swift; sourceTree = "<group>"; };
		921DEE5D1DB31D5A00606458 /* SelectedRelicCell.swift */ = {isa = PBXFileReference; fileEncoding = 4; lastKnownFileType = sourcecode.swift; path = SelectedRelicCell.swift; sourceTree = "<group>"; };
		924063351DAD940D00398571 /* Item.swift */ = {isa = PBXFileReference; fileEncoding = 4; lastKnownFileType = sourcecode.swift; path = Item.swift; sourceTree = "<group>"; };
		924063371DAD94A000398571 /* Reward.swift */ = {isa = PBXFileReference; fileEncoding = 4; lastKnownFileType = sourcecode.swift; path = Reward.swift; sourceTree = "<group>"; };
		924063391DAD952E00398571 /* Rarity.swift */ = {isa = PBXFileReference; fileEncoding = 4; lastKnownFileType = sourcecode.swift; path = Rarity.swift; sourceTree = "<group>"; };
		9240633B1DAD9C2600398571 /* Extensions.swift */ = {isa = PBXFileReference; fileEncoding = 4; lastKnownFileType = sourcecode.swift; path = Extensions.swift; sourceTree = "<group>"; };
		924CDFBE1DADEC8200F5D982 /* Items.csv */ = {isa = PBXFileReference; fileEncoding = 4; lastKnownFileType = text; path = Items.csv; sourceTree = "<group>"; };
		924CDFBF1DADEC8200F5D982 /* Rarity.csv */ = {isa = PBXFileReference; fileEncoding = 4; lastKnownFileType = text; path = Rarity.csv; sourceTree = "<group>"; };
		924CDFC01DADEC8200F5D982 /* Relics.csv */ = {isa = PBXFileReference; fileEncoding = 4; lastKnownFileType = text; path = Relics.csv; sourceTree = "<group>"; };
		924CDFC11DADEC8200F5D982 /* Rewards.csv */ = {isa = PBXFileReference; fileEncoding = 4; lastKnownFileType = text; path = Rewards.csv; sourceTree = "<group>"; };
		924CDFC21DADEC8200F5D982 /* Tier.csv */ = {isa = PBXFileReference; fileEncoding = 4; lastKnownFileType = text; path = Tier.csv; sourceTree = "<group>"; };
		924CDFC91DAE959800F5D982 /* CSV.swift */ = {isa = PBXFileReference; fileEncoding = 4; lastKnownFileType = sourcecode.swift; path = CSV.swift; sourceTree = "<group>"; };
		924CDFCB1DAE99AD00F5D982 /* CsvReader.swift */ = {isa = PBXFileReference; fileEncoding = 4; lastKnownFileType = sourcecode.swift; path = CsvReader.swift; sourceTree = "<group>"; };
		927B6AA61DB1323800E1A031 /* RelicUtils.swift */ = {isa = PBXFileReference; fileEncoding = 4; lastKnownFileType = sourcecode.swift; path = RelicUtils.swift; sourceTree = "<group>"; };
		927B6AA81DB1349800E1A031 /* RelicUtilsTests.swift */ = {isa = PBXFileReference; fileEncoding = 4; lastKnownFileType = sourcecode.swift; path = RelicUtilsTests.swift; sourceTree = "<group>"; };
		927B6AAA1DB13D0700E1A031 /* TierTests.swift */ = {isa = PBXFileReference; fileEncoding = 4; lastKnownFileType = sourcecode.swift; path = TierTests.swift; sourceTree = "<group>"; };
		927B6AAC1DB13D1300E1A031 /* RarirtyTests.swift */ = {isa = PBXFileReference; fileEncoding = 4; lastKnownFileType = sourcecode.swift; path = RarirtyTests.swift; sourceTree = "<group>"; };
		92DA45EA1DAD690900D9D3E0 /* WarframeReliquary.app */ = {isa = PBXFileReference; explicitFileType = wrapper.application; includeInIndex = 0; path = WarframeReliquary.app; sourceTree = BUILT_PRODUCTS_DIR; };
		92DA45ED1DAD690900D9D3E0 /* AppDelegate.swift */ = {isa = PBXFileReference; lastKnownFileType = sourcecode.swift; path = AppDelegate.swift; sourceTree = "<group>"; };
		92DA45EF1DAD690900D9D3E0 /* FissureViewController.swift */ = {isa = PBXFileReference; lastKnownFileType = sourcecode.swift; path = FissureViewController.swift; sourceTree = "<group>"; };
		92DA45F11DAD690900D9D3E0 /* SecondViewController.swift */ = {isa = PBXFileReference; lastKnownFileType = sourcecode.swift; path = SecondViewController.swift; sourceTree = "<group>"; };
		92DA45F41DAD690900D9D3E0 /* Base */ = {isa = PBXFileReference; lastKnownFileType = file.storyboard; name = Base; path = Base.lproj/Main.storyboard; sourceTree = "<group>"; };
		92DA45F61DAD690900D9D3E0 /* Assets.xcassets */ = {isa = PBXFileReference; lastKnownFileType = folder.assetcatalog; path = Assets.xcassets; sourceTree = "<group>"; };
		92DA45F91DAD690900D9D3E0 /* Base */ = {isa = PBXFileReference; lastKnownFileType = file.storyboard; name = Base; path = Base.lproj/LaunchScreen.storyboard; sourceTree = "<group>"; };
		92DA45FB1DAD690900D9D3E0 /* Info.plist */ = {isa = PBXFileReference; lastKnownFileType = text.plist.xml; path = Info.plist; sourceTree = "<group>"; };
		92DA46001DAD690900D9D3E0 /* WarframeReliquaryTests.xctest */ = {isa = PBXFileReference; explicitFileType = wrapper.cfbundle; includeInIndex = 0; path = WarframeReliquaryTests.xctest; sourceTree = BUILT_PRODUCTS_DIR; };
		92DA46041DAD690900D9D3E0 /* WarframeReliquaryTests.swift */ = {isa = PBXFileReference; lastKnownFileType = sourcecode.swift; path = WarframeReliquaryTests.swift; sourceTree = "<group>"; };
		92DA46061DAD690900D9D3E0 /* Info.plist */ = {isa = PBXFileReference; lastKnownFileType = text.plist.xml; path = Info.plist; sourceTree = "<group>"; };
		92DA460B1DAD690900D9D3E0 /* WarframeReliquaryUITests.xctest */ = {isa = PBXFileReference; explicitFileType = wrapper.cfbundle; includeInIndex = 0; path = WarframeReliquaryUITests.xctest; sourceTree = BUILT_PRODUCTS_DIR; };
		92DA460F1DAD690900D9D3E0 /* WarframeReliquaryUITests.swift */ = {isa = PBXFileReference; lastKnownFileType = sourcecode.swift; path = WarframeReliquaryUITests.swift; sourceTree = "<group>"; };
		92DA46111DAD690900D9D3E0 /* Info.plist */ = {isa = PBXFileReference; lastKnownFileType = text.plist.xml; path = Info.plist; sourceTree = "<group>"; };
		92DA46211DAD8AFF00D9D3E0 /* WarframeReliquary.xcdatamodel */ = {isa = PBXFileReference; lastKnownFileType = wrapper.xcdatamodel; path = WarframeReliquary.xcdatamodel; sourceTree = "<group>"; };
		92DA46231DAD8E0F00D9D3E0 /* Relic.swift */ = {isa = PBXFileReference; fileEncoding = 4; lastKnownFileType = sourcecode.swift; path = Relic.swift; sourceTree = "<group>"; };
		92DA46251DAD8E7300D9D3E0 /* Tier.swift */ = {isa = PBXFileReference; fileEncoding = 4; lastKnownFileType = sourcecode.swift; path = Tier.swift; sourceTree = "<group>"; };
		92DE3D991DAEEB9E003DAC19 /* CsvReaderTests.swift */ = {isa = PBXFileReference; fileEncoding = 4; lastKnownFileType = sourcecode.swift; name = CsvReaderTests.swift; path = ../WarframeReliquary/CsvReaderTests.swift; sourceTree = "<group>"; };
		92DE3D9B1DAEEF95003DAC19 /* RewardUtils.swift */ = {isa = PBXFileReference; fileEncoding = 4; lastKnownFileType = sourcecode.swift; path = RewardUtils.swift; sourceTree = "<group>"; };
		92DE3D9D1DAF1877003DAC19 /* FissureRelicCell.swift */ = {isa = PBXFileReference; fileEncoding = 4; lastKnownFileType = sourcecode.swift; path = FissureRelicCell.swift; sourceTree = "<group>"; };
/* End PBXFileReference section */

/* Begin PBXFrameworksBuildPhase section */
		92DA45E71DAD690900D9D3E0 /* Frameworks */ = {
			isa = PBXFrameworksBuildPhase;
			buildActionMask = 2147483647;
			files = (
			);
			runOnlyForDeploymentPostprocessing = 0;
		};
		92DA45FD1DAD690900D9D3E0 /* Frameworks */ = {
			isa = PBXFrameworksBuildPhase;
			buildActionMask = 2147483647;
			files = (
			);
			runOnlyForDeploymentPostprocessing = 0;
		};
		92DA46081DAD690900D9D3E0 /* Frameworks */ = {
			isa = PBXFrameworksBuildPhase;
			buildActionMask = 2147483647;
			files = (
			);
			runOnlyForDeploymentPostprocessing = 0;
		};
/* End PBXFrameworksBuildPhase section */

/* Begin PBXGroup section */
		924CDFBD1DADEC4C00F5D982 /* Resources */ = {
			isa = PBXGroup;
			children = (
				924CDFBE1DADEC8200F5D982 /* Items.csv */,
				924CDFBF1DADEC8200F5D982 /* Rarity.csv */,
				924CDFC01DADEC8200F5D982 /* Relics.csv */,
				924CDFC11DADEC8200F5D982 /* Rewards.csv */,
				924CDFC21DADEC8200F5D982 /* Tier.csv */,
			);
			name = Resources;
			sourceTree = "<group>";
		};
		924CDFC81DAE957C00F5D982 /* Util */ = {
			isa = PBXGroup;
			children = (
				924CDFC91DAE959800F5D982 /* CSV.swift */,
				924CDFCB1DAE99AD00F5D982 /* CsvReader.swift */,
				92DE3D9B1DAEEF95003DAC19 /* RewardUtils.swift */,
				927B6AA61DB1323800E1A031 /* RelicUtils.swift */,
			);
			name = Util;
			sourceTree = "<group>";
		};
		92DA45E11DAD690900D9D3E0 = {
			isa = PBXGroup;
			children = (
				92DA45EC1DAD690900D9D3E0 /* WarframeReliquary */,
				92DA46031DAD690900D9D3E0 /* WarframeReliquaryTests */,
				92DA460E1DAD690900D9D3E0 /* WarframeReliquaryUITests */,
				92DA45EB1DAD690900D9D3E0 /* Products */,
			);
			sourceTree = "<group>";
		};
		92DA45EB1DAD690900D9D3E0 /* Products */ = {
			isa = PBXGroup;
			children = (
				92DA45EA1DAD690900D9D3E0 /* WarframeReliquary.app */,
				92DA46001DAD690900D9D3E0 /* WarframeReliquaryTests.xctest */,
				92DA460B1DAD690900D9D3E0 /* WarframeReliquaryUITests.xctest */,
			);
			name = Products;
			sourceTree = "<group>";
		};
		92DA45EC1DAD690900D9D3E0 /* WarframeReliquary */ = {
			isa = PBXGroup;
			children = (
				924CDFBD1DADEC4C00F5D982 /* Resources */,
				92DA461F1DAD6A4000D9D3E0 /* Controller */,
				92DA461E1DAD6A3800D9D3E0 /* Model */,
				924CDFC81DAE957C00F5D982 /* Util */,
				92DA461D1DAD6A3200D9D3E0 /* View */,
				92DA45ED1DAD690900D9D3E0 /* AppDelegate.swift */,
				92DA45F61DAD690900D9D3E0 /* Assets.xcassets */,
				92DA45FB1DAD690900D9D3E0 /* Info.plist */,
			);
			path = WarframeReliquary;
			sourceTree = "<group>";
		};
		92DA46031DAD690900D9D3E0 /* WarframeReliquaryTests */ = {
			isa = PBXGroup;
			children = (
				92DE3D991DAEEB9E003DAC19 /* CsvReaderTests.swift */,
				92DA46041DAD690900D9D3E0 /* WarframeReliquaryTests.swift */,
				92DA46061DAD690900D9D3E0 /* Info.plist */,
				927B6AA81DB1349800E1A031 /* RelicUtilsTests.swift */,
				927B6AAA1DB13D0700E1A031 /* TierTests.swift */,
				927B6AAC1DB13D1300E1A031 /* RarirtyTests.swift */,
			);
			path = WarframeReliquaryTests;
			sourceTree = "<group>";
		};
		92DA460E1DAD690900D9D3E0 /* WarframeReliquaryUITests */ = {
			isa = PBXGroup;
			children = (
				92DA460F1DAD690900D9D3E0 /* WarframeReliquaryUITests.swift */,
				92DA46111DAD690900D9D3E0 /* Info.plist */,
			);
			path = WarframeReliquaryUITests;
			sourceTree = "<group>";
		};
		92DA461D1DAD6A3200D9D3E0 /* View */ = {
			isa = PBXGroup;
			children = (
				92DA45F81DAD690900D9D3E0 /* LaunchScreen.storyboard */,
				92DA45F31DAD690900D9D3E0 /* Main.storyboard */,
				92DE3D9D1DAF1877003DAC19 /* FissureRelicCell.swift */,
				921DEE5B1DB31D3000606458 /* RelicCell.swift */,
				921DEE5D1DB31D5A00606458 /* SelectedRelicCell.swift */,
			);
			name = View;
			sourceTree = "<group>";
		};
		92DA461E1DAD6A3800D9D3E0 /* Model */ = {
			isa = PBXGroup;
			children = (
				92DA46201DAD8AFF00D9D3E0 /* WarframeReliquary.xcdatamodeld */,
				92DA46231DAD8E0F00D9D3E0 /* Relic.swift */,
				92DA46251DAD8E7300D9D3E0 /* Tier.swift */,
				924063351DAD940D00398571 /* Item.swift */,
				924063371DAD94A000398571 /* Reward.swift */,
				924063391DAD952E00398571 /* Rarity.swift */,
				9240633B1DAD9C2600398571 /* Extensions.swift */,
			);
			name = Model;
			sourceTree = "<group>";
		};
		92DA461F1DAD6A4000D9D3E0 /* Controller */ = {
			isa = PBXGroup;
			children = (
				92DA45EF1DAD690900D9D3E0 /* FissureViewController.swift */,
				92DA45F11DAD690900D9D3E0 /* SecondViewController.swift */,
			);
			name = Controller;
			sourceTree = "<group>";
		};
/* End PBXGroup section */

/* Begin PBXNativeTarget section */
		92DA45E91DAD690900D9D3E0 /* WarframeReliquary */ = {
			isa = PBXNativeTarget;
			buildConfigurationList = 92DA46141DAD690900D9D3E0 /* Build configuration list for PBXNativeTarget "WarframeReliquary" */;
			buildPhases = (
				92DA45E61DAD690900D9D3E0 /* Sources */,
				92DA45E71DAD690900D9D3E0 /* Frameworks */,
				92DA45E81DAD690900D9D3E0 /* Resources */,
			);
			buildRules = (
			);
			dependencies = (
			);
			name = WarframeReliquary;
			productName = WarframeReliquary;
			productReference = 92DA45EA1DAD690900D9D3E0 /* WarframeReliquary.app */;
			productType = "com.apple.product-type.application";
		};
		92DA45FF1DAD690900D9D3E0 /* WarframeReliquaryTests */ = {
			isa = PBXNativeTarget;
			buildConfigurationList = 92DA46171DAD690900D9D3E0 /* Build configuration list for PBXNativeTarget "WarframeReliquaryTests" */;
			buildPhases = (
				92DA45FC1DAD690900D9D3E0 /* Sources */,
				92DA45FD1DAD690900D9D3E0 /* Frameworks */,
				92DA45FE1DAD690900D9D3E0 /* Resources */,
			);
			buildRules = (
			);
			dependencies = (
				92DA46021DAD690900D9D3E0 /* PBXTargetDependency */,
			);
			name = WarframeReliquaryTests;
			productName = WarframeReliquaryTests;
			productReference = 92DA46001DAD690900D9D3E0 /* WarframeReliquaryTests.xctest */;
			productType = "com.apple.product-type.bundle.unit-test";
		};
		92DA460A1DAD690900D9D3E0 /* WarframeReliquaryUITests */ = {
			isa = PBXNativeTarget;
			buildConfigurationList = 92DA461A1DAD690900D9D3E0 /* Build configuration list for PBXNativeTarget "WarframeReliquaryUITests" */;
			buildPhases = (
				92DA46071DAD690900D9D3E0 /* Sources */,
				92DA46081DAD690900D9D3E0 /* Frameworks */,
				92DA46091DAD690900D9D3E0 /* Resources */,
			);
			buildRules = (
			);
			dependencies = (
				92DA460D1DAD690900D9D3E0 /* PBXTargetDependency */,
			);
			name = WarframeReliquaryUITests;
			productName = WarframeReliquaryUITests;
			productReference = 92DA460B1DAD690900D9D3E0 /* WarframeReliquaryUITests.xctest */;
			productType = "com.apple.product-type.bundle.ui-testing";
		};
/* End PBXNativeTarget section */

/* Begin PBXProject section */
		92DA45E21DAD690900D9D3E0 /* Project object */ = {
			isa = PBXProject;
			attributes = {
				LastSwiftUpdateCheck = 0800;
				LastUpgradeCheck = 0800;
				ORGANIZATIONNAME = "Anthony Whitaker";
				TargetAttributes = {
					92DA45E91DAD690900D9D3E0 = {
						CreatedOnToolsVersion = 8.0;
						DevelopmentTeam = VL7RZNELL8;
						ProvisioningStyle = Automatic;
					};
					92DA45FF1DAD690900D9D3E0 = {
						CreatedOnToolsVersion = 8.0;
						DevelopmentTeam = VL7RZNELL8;
						ProvisioningStyle = Automatic;
						TestTargetID = 92DA45E91DAD690900D9D3E0;
					};
					92DA460A1DAD690900D9D3E0 = {
						CreatedOnToolsVersion = 8.0;
						DevelopmentTeam = VL7RZNELL8;
						ProvisioningStyle = Automatic;
						TestTargetID = 92DA45E91DAD690900D9D3E0;
					};
				};
			};
			buildConfigurationList = 92DA45E51DAD690900D9D3E0 /* Build configuration list for PBXProject "WarframeReliquary" */;
			compatibilityVersion = "Xcode 3.2";
			developmentRegion = English;
			hasScannedForEncodings = 0;
			knownRegions = (
				en,
				Base,
			);
			mainGroup = 92DA45E11DAD690900D9D3E0;
			productRefGroup = 92DA45EB1DAD690900D9D3E0 /* Products */;
			projectDirPath = "";
			projectRoot = "";
			targets = (
				92DA45E91DAD690900D9D3E0 /* WarframeReliquary */,
				92DA45FF1DAD690900D9D3E0 /* WarframeReliquaryTests */,
				92DA460A1DAD690900D9D3E0 /* WarframeReliquaryUITests */,
			);
		};
/* End PBXProject section */

/* Begin PBXResourcesBuildPhase section */
		92DA45E81DAD690900D9D3E0 /* Resources */ = {
			isa = PBXResourcesBuildPhase;
			buildActionMask = 2147483647;
			files = (
				92DA45FA1DAD690900D9D3E0 /* LaunchScreen.storyboard in Resources */,
				924CDFC31DADEC8200F5D982 /* Items.csv in Resources */,
				92DA45F71DAD690900D9D3E0 /* Assets.xcassets in Resources */,
				924CDFC41DADEC8200F5D982 /* Rarity.csv in Resources */,
				924CDFC51DADEC8200F5D982 /* Relics.csv in Resources */,
				92DA45F51DAD690900D9D3E0 /* Main.storyboard in Resources */,
				924CDFC71DADEC8200F5D982 /* Tier.csv in Resources */,
				924CDFC61DADEC8200F5D982 /* Rewards.csv in Resources */,
			);
			runOnlyForDeploymentPostprocessing = 0;
		};
		92DA45FE1DAD690900D9D3E0 /* Resources */ = {
			isa = PBXResourcesBuildPhase;
			buildActionMask = 2147483647;
			files = (
			);
			runOnlyForDeploymentPostprocessing = 0;
		};
		92DA46091DAD690900D9D3E0 /* Resources */ = {
			isa = PBXResourcesBuildPhase;
			buildActionMask = 2147483647;
			files = (
			);
			runOnlyForDeploymentPostprocessing = 0;
		};
/* End PBXResourcesBuildPhase section */

/* Begin PBXSourcesBuildPhase section */
		92DA45E61DAD690900D9D3E0 /* Sources */ = {
			isa = PBXSourcesBuildPhase;
			buildActionMask = 2147483647;
			files = (
				92DA45F21DAD690900D9D3E0 /* SecondViewController.swift in Sources */,
				92DE3D9C1DAEEF95003DAC19 /* RewardUtils.swift in Sources */,
				927B6AA71DB1323800E1A031 /* RelicUtils.swift in Sources */,
				92DA46241DAD8E0F00D9D3E0 /* Relic.swift in Sources */,
				92DA46221DAD8AFF00D9D3E0 /* WarframeReliquary.xcdatamodeld in Sources */,
				9240633A1DAD952E00398571 /* Rarity.swift in Sources */,
				92DA46261DAD8E7300D9D3E0 /* Tier.swift in Sources */,
				924CDFCC1DAE99AD00F5D982 /* CsvReader.swift in Sources */,
				9240633C1DAD9C2600398571 /* Extensions.swift in Sources */,
				921DEE5C1DB31D3000606458 /* RelicCell.swift in Sources */,
				924063381DAD94A000398571 /* Reward.swift in Sources */,
				921DEE5E1DB31D5A00606458 /* SelectedRelicCell.swift in Sources */,
				924063361DAD940D00398571 /* Item.swift in Sources */,
				92DA45EE1DAD690900D9D3E0 /* AppDelegate.swift in Sources */,
				92DE3D9F1DAF1877003DAC19 /* FissureRelicCell.swift in Sources */,
				92DA45F01DAD690900D9D3E0 /* FissureViewController.swift in Sources */,
				924CDFCA1DAE959800F5D982 /* CSV.swift in Sources */,
			);
			runOnlyForDeploymentPostprocessing = 0;
		};
		92DA45FC1DAD690900D9D3E0 /* Sources */ = {
			isa = PBXSourcesBuildPhase;
			buildActionMask = 2147483647;
			files = (
				92DA46051DAD690900D9D3E0 /* WarframeReliquaryTests.swift in Sources */,
				927B6AAB1DB13D0700E1A031 /* TierTests.swift in Sources */,
				927B6AAD1DB13D1300E1A031 /* RarirtyTests.swift in Sources */,
				92DE3D9A1DAEEB9E003DAC19 /* CsvReaderTests.swift in Sources */,
				927B6AA91DB1349800E1A031 /* RelicUtilsTests.swift in Sources */,
			);
			runOnlyForDeploymentPostprocessing = 0;
		};
		92DA46071DAD690900D9D3E0 /* Sources */ = {
			isa = PBXSourcesBuildPhase;
			buildActionMask = 2147483647;
			files = (
				92DA46101DAD690900D9D3E0 /* WarframeReliquaryUITests.swift in Sources */,
			);
			runOnlyForDeploymentPostprocessing = 0;
		};
/* End PBXSourcesBuildPhase section */

/* Begin PBXTargetDependency section */
		92DA46021DAD690900D9D3E0 /* PBXTargetDependency */ = {
			isa = PBXTargetDependency;
			target = 92DA45E91DAD690900D9D3E0 /* WarframeReliquary */;
			targetProxy = 92DA46011DAD690900D9D3E0 /* PBXContainerItemProxy */;
		};
		92DA460D1DAD690900D9D3E0 /* PBXTargetDependency */ = {
			isa = PBXTargetDependency;
			target = 92DA45E91DAD690900D9D3E0 /* WarframeReliquary */;
			targetProxy = 92DA460C1DAD690900D9D3E0 /* PBXContainerItemProxy */;
		};
/* End PBXTargetDependency section */

/* Begin PBXVariantGroup section */
		92DA45F31DAD690900D9D3E0 /* Main.storyboard */ = {
			isa = PBXVariantGroup;
			children = (
				92DA45F41DAD690900D9D3E0 /* Base */,
			);
			name = Main.storyboard;
			sourceTree = "<group>";
		};
		92DA45F81DAD690900D9D3E0 /* LaunchScreen.storyboard */ = {
			isa = PBXVariantGroup;
			children = (
				92DA45F91DAD690900D9D3E0 /* Base */,
			);
			name = LaunchScreen.storyboard;
			sourceTree = "<group>";
		};
/* End PBXVariantGroup section */

/* Begin XCBuildConfiguration section */
		92DA46121DAD690900D9D3E0 /* Debug */ = {
			isa = XCBuildConfiguration;
			buildSettings = {
				ALWAYS_SEARCH_USER_PATHS = NO;
				CLANG_ANALYZER_NONNULL = YES;
				CLANG_CXX_LANGUAGE_STANDARD = "gnu++0x";
				CLANG_CXX_LIBRARY = "libc++";
				CLANG_ENABLE_MODULES = YES;
				CLANG_ENABLE_OBJC_ARC = YES;
				CLANG_WARN_BOOL_CONVERSION = YES;
				CLANG_WARN_CONSTANT_CONVERSION = YES;
				CLANG_WARN_DIRECT_OBJC_ISA_USAGE = YES_ERROR;
				CLANG_WARN_DOCUMENTATION_COMMENTS = YES;
				CLANG_WARN_EMPTY_BODY = YES;
				CLANG_WARN_ENUM_CONVERSION = YES;
				CLANG_WARN_INFINITE_RECURSION = YES;
				CLANG_WARN_INT_CONVERSION = YES;
				CLANG_WARN_OBJC_ROOT_CLASS = YES_ERROR;
				CLANG_WARN_SUSPICIOUS_MOVES = YES;
				CLANG_WARN_UNREACHABLE_CODE = YES;
				CLANG_WARN__DUPLICATE_METHOD_MATCH = YES;
				"CODE_SIGN_IDENTITY[sdk=iphoneos*]" = "iPhone Developer";
				COPY_PHASE_STRIP = NO;
				DEBUG_INFORMATION_FORMAT = dwarf;
				ENABLE_STRICT_OBJC_MSGSEND = YES;
				ENABLE_TESTABILITY = YES;
				GCC_C_LANGUAGE_STANDARD = gnu99;
				GCC_DYNAMIC_NO_PIC = NO;
				GCC_NO_COMMON_BLOCKS = YES;
				GCC_OPTIMIZATION_LEVEL = 0;
				GCC_PREPROCESSOR_DEFINITIONS = (
					"DEBUG=1",
					"$(inherited)",
				);
				GCC_WARN_64_TO_32_BIT_CONVERSION = YES;
				GCC_WARN_ABOUT_RETURN_TYPE = YES_ERROR;
				GCC_WARN_UNDECLARED_SELECTOR = YES;
				GCC_WARN_UNINITIALIZED_AUTOS = YES_AGGRESSIVE;
				GCC_WARN_UNUSED_FUNCTION = YES;
				GCC_WARN_UNUSED_VARIABLE = YES;
				IPHONEOS_DEPLOYMENT_TARGET = 10.0;
				MTL_ENABLE_DEBUG_INFO = YES;
				ONLY_ACTIVE_ARCH = YES;
				SDKROOT = iphoneos;
				SWIFT_ACTIVE_COMPILATION_CONDITIONS = DEBUG;
				SWIFT_OPTIMIZATION_LEVEL = "-Onone";
			};
			name = Debug;
		};
		92DA46131DAD690900D9D3E0 /* Release */ = {
			isa = XCBuildConfiguration;
			buildSettings = {
				ALWAYS_SEARCH_USER_PATHS = NO;
				CLANG_ANALYZER_NONNULL = YES;
				CLANG_CXX_LANGUAGE_STANDARD = "gnu++0x";
				CLANG_CXX_LIBRARY = "libc++";
				CLANG_ENABLE_MODULES = YES;
				CLANG_ENABLE_OBJC_ARC = YES;
				CLANG_WARN_BOOL_CONVERSION = YES;
				CLANG_WARN_CONSTANT_CONVERSION = YES;
				CLANG_WARN_DIRECT_OBJC_ISA_USAGE = YES_ERROR;
				CLANG_WARN_DOCUMENTATION_COMMENTS = YES;
				CLANG_WARN_EMPTY_BODY = YES;
				CLANG_WARN_ENUM_CONVERSION = YES;
				CLANG_WARN_INFINITE_RECURSION = YES;
				CLANG_WARN_INT_CONVERSION = YES;
				CLANG_WARN_OBJC_ROOT_CLASS = YES_ERROR;
				CLANG_WARN_SUSPICIOUS_MOVES = YES;
				CLANG_WARN_UNREACHABLE_CODE = YES;
				CLANG_WARN__DUPLICATE_METHOD_MATCH = YES;
				"CODE_SIGN_IDENTITY[sdk=iphoneos*]" = "iPhone Developer";
				COPY_PHASE_STRIP = NO;
				DEBUG_INFORMATION_FORMAT = "dwarf-with-dsym";
				ENABLE_NS_ASSERTIONS = NO;
				ENABLE_STRICT_OBJC_MSGSEND = YES;
				GCC_C_LANGUAGE_STANDARD = gnu99;
				GCC_NO_COMMON_BLOCKS = YES;
				GCC_WARN_64_TO_32_BIT_CONVERSION = YES;
				GCC_WARN_ABOUT_RETURN_TYPE = YES_ERROR;
				GCC_WARN_UNDECLARED_SELECTOR = YES;
				GCC_WARN_UNINITIALIZED_AUTOS = YES_AGGRESSIVE;
				GCC_WARN_UNUSED_FUNCTION = YES;
				GCC_WARN_UNUSED_VARIABLE = YES;
				IPHONEOS_DEPLOYMENT_TARGET = 10.0;
				MTL_ENABLE_DEBUG_INFO = NO;
				SDKROOT = iphoneos;
				SWIFT_OPTIMIZATION_LEVEL = "-Owholemodule";
				VALIDATE_PRODUCT = YES;
			};
			name = Release;
		};
		92DA46151DAD690900D9D3E0 /* Debug */ = {
			isa = XCBuildConfiguration;
			buildSettings = {
				ASSETCATALOG_COMPILER_APPICON_NAME = AppIcon;
				DEVELOPMENT_TEAM = VL7RZNELL8;
				INFOPLIST_FILE = WarframeReliquary/Info.plist;
				IPHONEOS_DEPLOYMENT_TARGET = 10.0;
				LD_RUNPATH_SEARCH_PATHS = "$(inherited) @executable_path/Frameworks";
				PRODUCT_BUNDLE_IDENTIFIER = Whitaker.Anthony.WarframeReliquary;
				PRODUCT_NAME = "$(TARGET_NAME)";
				SWIFT_VERSION = 3.0;
			};
			name = Debug;
		};
		92DA46161DAD690900D9D3E0 /* Release */ = {
			isa = XCBuildConfiguration;
			buildSettings = {
				ASSETCATALOG_COMPILER_APPICON_NAME = AppIcon;
				DEVELOPMENT_TEAM = VL7RZNELL8;
				INFOPLIST_FILE = WarframeReliquary/Info.plist;
				IPHONEOS_DEPLOYMENT_TARGET = 10.0;
				LD_RUNPATH_SEARCH_PATHS = "$(inherited) @executable_path/Frameworks";
				PRODUCT_BUNDLE_IDENTIFIER = Whitaker.Anthony.WarframeReliquary;
				PRODUCT_NAME = "$(TARGET_NAME)";
				SWIFT_VERSION = 3.0;
			};
			name = Release;
		};
		92DA46181DAD690900D9D3E0 /* Debug */ = {
			isa = XCBuildConfiguration;
			buildSettings = {
				ALWAYS_EMBED_SWIFT_STANDARD_LIBRARIES = YES;
				BUNDLE_LOADER = "$(TEST_HOST)";
				DEVELOPMENT_TEAM = VL7RZNELL8;
				INFOPLIST_FILE = WarframeReliquaryTests/Info.plist;
				LD_RUNPATH_SEARCH_PATHS = "$(inherited) @executable_path/Frameworks @loader_path/Frameworks";
				PRODUCT_BUNDLE_IDENTIFIER = Whitaker.Anthony.WarframeReliquaryTests;
				PRODUCT_NAME = "$(TARGET_NAME)";
				SWIFT_VERSION = 3.0;
				TEST_HOST = "$(BUILT_PRODUCTS_DIR)/WarframeReliquary.app/WarframeReliquary";
			};
			name = Debug;
		};
		92DA46191DAD690900D9D3E0 /* Release */ = {
			isa = XCBuildConfiguration;
			buildSettings = {
				ALWAYS_EMBED_SWIFT_STANDARD_LIBRARIES = YES;
				BUNDLE_LOADER = "$(TEST_HOST)";
				DEVELOPMENT_TEAM = VL7RZNELL8;
				INFOPLIST_FILE = WarframeReliquaryTests/Info.plist;
				LD_RUNPATH_SEARCH_PATHS = "$(inherited) @executable_path/Frameworks @loader_path/Frameworks";
				PRODUCT_BUNDLE_IDENTIFIER = Whitaker.Anthony.WarframeReliquaryTests;
				PRODUCT_NAME = "$(TARGET_NAME)";
				SWIFT_VERSION = 3.0;
				TEST_HOST = "$(BUILT_PRODUCTS_DIR)/WarframeReliquary.app/WarframeReliquary";
			};
			name = Release;
		};
		92DA461B1DAD690900D9D3E0 /* Debug */ = {
			isa = XCBuildConfiguration;
			buildSettings = {
				ALWAYS_EMBED_SWIFT_STANDARD_LIBRARIES = YES;
				DEVELOPMENT_TEAM = VL7RZNELL8;
				INFOPLIST_FILE = WarframeReliquaryUITests/Info.plist;
				LD_RUNPATH_SEARCH_PATHS = "$(inherited) @executable_path/Frameworks @loader_path/Frameworks";
				PRODUCT_BUNDLE_IDENTIFIER = Whitaker.Anthony.WarframeReliquaryUITests;
				PRODUCT_NAME = "$(TARGET_NAME)";
				SWIFT_VERSION = 3.0;
				TEST_TARGET_NAME = WarframeReliquary;
			};
			name = Debug;
		};
		92DA461C1DAD690900D9D3E0 /* Release */ = {
			isa = XCBuildConfiguration;
			buildSettings = {
				ALWAYS_EMBED_SWIFT_STANDARD_LIBRARIES = YES;
				DEVELOPMENT_TEAM = VL7RZNELL8;
				INFOPLIST_FILE = WarframeReliquaryUITests/Info.plist;
				LD_RUNPATH_SEARCH_PATHS = "$(inherited) @executable_path/Frameworks @loader_path/Frameworks";
				PRODUCT_BUNDLE_IDENTIFIER = Whitaker.Anthony.WarframeReliquaryUITests;
				PRODUCT_NAME = "$(TARGET_NAME)";
				SWIFT_VERSION = 3.0;
				TEST_TARGET_NAME = WarframeReliquary;
			};
			name = Release;
		};
/* End XCBuildConfiguration section */

/* Begin XCConfigurationList section */
		92DA45E51DAD690900D9D3E0 /* Build configuration list for PBXProject "WarframeReliquary" */ = {
			isa = XCConfigurationList;
			buildConfigurations = (
				92DA46121DAD690900D9D3E0 /* Debug */,
				92DA46131DAD690900D9D3E0 /* Release */,
			);
			defaultConfigurationIsVisible = 0;
			defaultConfigurationName = Release;
		};
		92DA46141DAD690900D9D3E0 /* Build configuration list for PBXNativeTarget "WarframeReliquary" */ = {
			isa = XCConfigurationList;
			buildConfigurations = (
				92DA46151DAD690900D9D3E0 /* Debug */,
				92DA46161DAD690900D9D3E0 /* Release */,
			);
			defaultConfigurationIsVisible = 0;
			defaultConfigurationName = Release;
		};
		92DA46171DAD690900D9D3E0 /* Build configuration list for PBXNativeTarget "WarframeReliquaryTests" */ = {
			isa = XCConfigurationList;
			buildConfigurations = (
				92DA46181DAD690900D9D3E0 /* Debug */,
				92DA46191DAD690900D9D3E0 /* Release */,
			);
			defaultConfigurationIsVisible = 0;
			defaultConfigurationName = Release;
		};
		92DA461A1DAD690900D9D3E0 /* Build configuration list for PBXNativeTarget "WarframeReliquaryUITests" */ = {
			isa = XCConfigurationList;
			buildConfigurations = (
				92DA461B1DAD690900D9D3E0 /* Debug */,
				92DA461C1DAD690900D9D3E0 /* Release */,
			);
			defaultConfigurationIsVisible = 0;
			defaultConfigurationName = Release;
		};
/* End XCConfigurationList section */

/* Begin XCVersionGroup section */
		92DA46201DAD8AFF00D9D3E0 /* WarframeReliquary.xcdatamodeld */ = {
			isa = XCVersionGroup;
			children = (
				92DA46211DAD8AFF00D9D3E0 /* WarframeReliquary.xcdatamodel */,
			);
			currentVersion = 92DA46211DAD8AFF00D9D3E0 /* WarframeReliquary.xcdatamodel */;
			path = WarframeReliquary.xcdatamodeld;
			sourceTree = "<group>";
			versionGroupType = wrapper.xcdatamodel;
		};
/* End XCVersionGroup section */
	};
	rootObject = 92DA45E21DAD690900D9D3E0 /* Project object */;
}
